
Microsoft Visual Studio Solution File, Format Version 12.00
# Visual Studio 15
VisualStudioVersion = 15.0.28010.2048
MinimumVisualStudioVersion = 10.0.40219.1
Project("{9A19103F-16F7-4668-BE54-9A1E7A4F7556}") = "Transaction.WebApi", "src\Services\Transaction\Transaction.WebApi.csproj", "{EFCA8AFC-2575-40AB-BEFE-9FDF8EA3DB08}"
EndProject
Project("{9A19103F-16F7-4668-BE54-9A1E7A4F7556}") = "Transaction.Framework", "src\Frameworks\Transaction\Transaction.Framework.csproj", "{F227871E-CC20-4C64-897D-12A80303BE73}"
EndProject
Project("{2150E333-8FDC-42A3-9474-1A3956D46DE8}") = "Services", "Services", "{3C97AF1E-51CA-4AB6-81AE-8ED176C794D4}"
EndProject
Project("{2150E333-8FDC-42A3-9474-1A3956D46DE8}") = "Framework", "Framework", "{CB409CA2-26DB-4B61-A113-AF2A9789C535}"
EndProject
Project("{2150E333-8FDC-42A3-9474-1A3956D46DE8}") = "App", "App", "{F2D6FA17-10FC-4908-AE59-F1D18046BAAD}"
EndProject
Project("{2150E333-8FDC-42A3-9474-1A3956D46DE8}") = "src", "src", "{970BA6E7-073F-45CA-8433-C436C3A17A42}"
EndProject
Project("{2150E333-8FDC-42A3-9474-1A3956D46DE8}") = "test", "test", "{14A74035-88E8-4EFD-87C4-2AE70073C561}"
EndProject
Project("{2150E333-8FDC-42A3-9474-1A3956D46DE8}") = "Framework", "Framework", "{42B1F1E9-FC6D-4C8B-A575-86AC0BD0ED3D}"
EndProject
Project("{9A19103F-16F7-4668-BE54-9A1E7A4F7556}") = "Transaction.Framework.UnitTest", "test\Framework\UnitTest\Transaction.Framework.UnitTest.csproj", "{E5E085DB-4538-4058-9CC1-3BA947CCA3AA}"
EndProject
Project("{9A19103F-16F7-4668-BE54-9A1E7A4F7556}") = "SimpleBanking.ConsoleApp", "src\App\Console\SimpleBanking.ConsoleApp.csproj", "{BD702036-7F71-4CF7-9194-DDCDF3D3514F}"
EndProject
Project("{9A19103F-16F7-4668-BE54-9A1E7A4F7556}") = "Identity.WebApi", "src\Services\Identity\Identity.WebApi.csproj", "{B98BC7BF-C9C7-476D-AF21-9FF21BECFAF6}"
EndProject
Project("{2150E333-8FDC-42A3-9474-1A3956D46DE8}") = "Transaction", "Transaction", "{56617606-255F-42C6-BD7B-BC499BEC41DD}"
EndProject
Project("{2150E333-8FDC-42A3-9474-1A3956D46DE8}") = "Identity", "Identity", "{A3A1AD10-77FE-4E71-B37B-C64B6048546F}"
EndProject
Project("{2150E333-8FDC-42A3-9474-1A3956D46DE8}") = "Gateway", "Gateway", "{49CCBDBA-CAC0-4991-9C1A-2B9E3A242778}"
EndProject
Project("{9A19103F-16F7-4668-BE54-9A1E7A4F7556}") = "Gateway.WebApi", "src\Gateway\Gateway.WebApi\Gateway.WebApi.csproj", "{84D7B80C-011A-4813-8591-DA0B4027B6F6}"
EndProject
Global
	GlobalSection(SolutionConfigurationPlatforms) = preSolution
		Debug|Any CPU = Debug|Any CPU
		Release|Any CPU = Release|Any CPU
	EndGlobalSection
	GlobalSection(ProjectConfigurationPlatforms) = postSolution
		{EFCA8AFC-2575-40AB-BEFE-9FDF8EA3DB08}.Debug|Any CPU.ActiveCfg = Debug|Any CPU
		{EFCA8AFC-2575-40AB-BEFE-9FDF8EA3DB08}.Debug|Any CPU.Build.0 = Debug|Any CPU
		{EFCA8AFC-2575-40AB-BEFE-9FDF8EA3DB08}.Release|Any CPU.ActiveCfg = Release|Any CPU
		{EFCA8AFC-2575-40AB-BEFE-9FDF8EA3DB08}.Release|Any CPU.Build.0 = Release|Any CPU
		{F227871E-CC20-4C64-897D-12A80303BE73}.Debug|Any CPU.ActiveCfg = Debug|Any CPU
		{F227871E-CC20-4C64-897D-12A80303BE73}.Debug|Any CPU.Build.0 = Debug|Any CPU
		{F227871E-CC20-4C64-897D-12A80303BE73}.Release|Any CPU.ActiveCfg = Release|Any CPU
		{F227871E-CC20-4C64-897D-12A80303BE73}.Release|Any CPU.Build.0 = Release|Any CPU
		{E5E085DB-4538-4058-9CC1-3BA947CCA3AA}.Debug|Any CPU.ActiveCfg = Debug|Any CPU
		{E5E085DB-4538-4058-9CC1-3BA947CCA3AA}.Debug|Any CPU.Build.0 = Debug|Any CPU
		{E5E085DB-4538-4058-9CC1-3BA947CCA3AA}.Release|Any CPU.ActiveCfg = Release|Any CPU
		{E5E085DB-4538-4058-9CC1-3BA947CCA3AA}.Release|Any CPU.Build.0 = Release|Any CPU
		{BD702036-7F71-4CF7-9194-DDCDF3D3514F}.Debug|Any CPU.ActiveCfg = Debug|Any CPU
		{BD702036-7F71-4CF7-9194-DDCDF3D3514F}.Debug|Any CPU.Build.0 = Debug|Any CPU
		{BD702036-7F71-4CF7-9194-DDCDF3D3514F}.Release|Any CPU.ActiveCfg = Release|Any CPU
		{BD702036-7F71-4CF7-9194-DDCDF3D3514F}.Release|Any CPU.Build.0 = Release|Any CPU
		{B98BC7BF-C9C7-476D-AF21-9FF21BECFAF6}.Debug|Any CPU.ActiveCfg = Debug|Any CPU
		{B98BC7BF-C9C7-476D-AF21-9FF21BECFAF6}.Debug|Any CPU.Build.0 = Debug|Any CPU
		{B98BC7BF-C9C7-476D-AF21-9FF21BECFAF6}.Release|Any CPU.ActiveCfg = Release|Any CPU
		{B98BC7BF-C9C7-476D-AF21-9FF21BECFAF6}.Release|Any CPU.Build.0 = Release|Any CPU
		{84D7B80C-011A-4813-8591-DA0B4027B6F6}.Debug|Any CPU.ActiveCfg = Debug|Any CPU
		{84D7B80C-011A-4813-8591-DA0B4027B6F6}.Debug|Any CPU.Build.0 = Debug|Any CPU
		{84D7B80C-011A-4813-8591-DA0B4027B6F6}.Release|Any CPU.ActiveCfg = Release|Any CPU
		{84D7B80C-011A-4813-8591-DA0B4027B6F6}.Release|Any CPU.Build.0 = Release|Any CPU
	EndGlobalSection
	GlobalSection(SolutionProperties) = preSolution
		HideSolutionNode = FALSE
	EndGlobalSection
	GlobalSection(NestedProjects) = preSolution
		{EFCA8AFC-2575-40AB-BEFE-9FDF8EA3DB08} = {56617606-255F-42C6-BD7B-BC499BEC41DD}
		{F227871E-CC20-4C64-897D-12A80303BE73} = {CB409CA2-26DB-4B61-A113-AF2A9789C535}
		{3C97AF1E-51CA-4AB6-81AE-8ED176C794D4} = {970BA6E7-073F-45CA-8433-C436C3A17A42}
		{CB409CA2-26DB-4B61-A113-AF2A9789C535} = {970BA6E7-073F-45CA-8433-C436C3A17A42}
		{F2D6FA17-10FC-4908-AE59-F1D18046BAAD} = {970BA6E7-073F-45CA-8433-C436C3A17A42}
		{42B1F1E9-FC6D-4C8B-A575-86AC0BD0ED3D} = {14A74035-88E8-4EFD-87C4-2AE70073C561}
		{E5E085DB-4538-4058-9CC1-3BA947CCA3AA} = {42B1F1E9-FC6D-4C8B-A575-86AC0BD0ED3D}
		{BD702036-7F71-4CF7-9194-DDCDF3D3514F} = {F2D6FA17-10FC-4908-AE59-F1D18046BAAD}
		{B98BC7BF-C9C7-476D-AF21-9FF21BECFAF6} = {A3A1AD10-77FE-4E71-B37B-C64B6048546F}
		{56617606-255F-42C6-BD7B-BC499BEC41DD} = {3C97AF1E-51CA-4AB6-81AE-8ED176C794D4}
		{A3A1AD10-77FE-4E71-B37B-C64B6048546F} = {3C97AF1E-51CA-4AB6-81AE-8ED176C794D4}
		{49CCBDBA-CAC0-4991-9C1A-2B9E3A242778} = {970BA6E7-073F-45CA-8433-C436C3A17A42}
		{84D7B80C-011A-4813-8591-DA0B4027B6F6} = {49CCBDBA-CAC0-4991-9C1A-2B9E3A242778}
	EndGlobalSection
	GlobalSection(ExtensibilityGlobals) = postSolution
		SolutionGuid = {BBD81AF2-D0C9-4C75-AFBA-6B6E23678D71}
	EndGlobalSection
EndGlobal
